
Microsoft Visual Studio Solution File, Format Version 12.00
# Visual Studio Version 16
VisualStudioVersion = 16.0.29709.97
MinimumVisualStudioVersion = 10.0.40219.1
Project("{FAE04EC0-301F-11D3-BF4B-00C04F79EFBC}") = "WebAPI", "WebAPI\WebAPI.csproj", "{CC24FB07-A41A-4953-8DD7-099949458C6A}"
EndProject
Global
	GlobalSection(SolutionConfigurationPlatforms) = preSolution
		Debug|Any CPU = Debug|Any CPU
		Release|Any CPU = Release|Any CPU
	EndGlobalSection
	GlobalSection(ProjectConfigurationPlatforms) = postSolution
		{CC24FB07-A41A-4953-8DD7-099949458C6A}.Debug|Any CPU.ActiveCfg = Debug|Any CPU
		{CC24FB07-A41A-4953-8DD7-099949458C6A}.Debug|Any CPU.Build.0 = Debug|Any CPU
		{CC24FB07-A41A-4953-8DD7-099949458C6A}.Release|Any CPU.ActiveCfg = Release|Any CPU
		{CC24FB07-A41A-4953-8DD7-099949458C6A}.Release|Any CPU.Build.0 = Release|Any CPU
	EndGlobalSection
	GlobalSection(SolutionProperties) = preSolution
		HideSolutionNode = FALSE
	EndGlobalSection
	GlobalSection(ExtensibilityGlobals) = postSolution
		SolutionGuid = {18392D25-660D-407D-8BD6-211197DEB897}
	EndGlobalSection
EndGlobal
